
Microsoft Visual Studio Solution File, Format Version 12.00
# Visual Studio Version 17
VisualStudioVersion = 17.1.32328.378
MinimumVisualStudioVersion = 10.0.40219.1
Project("{9A19103F-16F7-4668-BE54-9A1E7A4F7556}") = "Organiser.Web", "Organiser.Web\Organiser.Web.csproj", "{3AC50E68-D4B7-437F-890C-D4ABD91FF325}"
EndProject
Project("{9A19103F-16F7-4668-BE54-9A1E7A4F7556}") = "Organiser", "Organiser\Organiser.csproj", "{71EFA874-D3ED-4D1D-97DA-8F5C4176C8E9}"
EndProject
Project("{FAE04EC0-301F-11D3-BF4B-00C04F79EFBC}") = "Organser.Service", "Organser.Service\Organser.Service.csproj", "{FA427BE9-80A2-4C67-907E-718ABC5A8BA2}"
EndProject
Global
	GlobalSection(SolutionConfigurationPlatforms) = preSolution
		Debug|Any CPU = Debug|Any CPU
		Release|Any CPU = Release|Any CPU
	EndGlobalSection
	GlobalSection(ProjectConfigurationPlatforms) = postSolution
		{3AC50E68-D4B7-437F-890C-D4ABD91FF325}.Debug|Any CPU.ActiveCfg = Debug|Any CPU
		{3AC50E68-D4B7-437F-890C-D4ABD91FF325}.Debug|Any CPU.Build.0 = Debug|Any CPU
		{3AC50E68-D4B7-437F-890C-D4ABD91FF325}.Release|Any CPU.ActiveCfg = Release|Any CPU
		{3AC50E68-D4B7-437F-890C-D4ABD91FF325}.Release|Any CPU.Build.0 = Release|Any CPU
		{71EFA874-D3ED-4D1D-97DA-8F5C4176C8E9}.Debug|Any CPU.ActiveCfg = Debug|Any CPU
		{71EFA874-D3ED-4D1D-97DA-8F5C4176C8E9}.Debug|Any CPU.Build.0 = Debug|Any CPU
		{71EFA874-D3ED-4D1D-97DA-8F5C4176C8E9}.Release|Any CPU.ActiveCfg = Release|Any CPU
		{71EFA874-D3ED-4D1D-97DA-8F5C4176C8E9}.Release|Any CPU.Build.0 = Release|Any CPU
		{FA427BE9-80A2-4C67-907E-718ABC5A8BA2}.Debug|Any CPU.ActiveCfg = Debug|Any CPU
		{FA427BE9-80A2-4C67-907E-718ABC5A8BA2}.Debug|Any CPU.Build.0 = Debug|Any CPU
		{FA427BE9-80A2-4C67-907E-718ABC5A8BA2}.Release|Any CPU.ActiveCfg = Release|Any CPU
		{FA427BE9-80A2-4C67-907E-718ABC5A8BA2}.Release|Any CPU.Build.0 = Release|Any CPU
	EndGlobalSection
	GlobalSection(SolutionProperties) = preSolution
		HideSolutionNode = FALSE
	EndGlobalSection
	GlobalSection(ExtensibilityGlobals) = postSolution
		SolutionGuid = {3D1FFD4F-FF46-404C-BE51-DC4851C5A917}
	EndGlobalSection
EndGlobal
